
Microsoft Visual Studio Solution File, Format Version 12.00
# Visual Studio Version 16
VisualStudioVersion = 16.0.29911.84
MinimumVisualStudioVersion = 10.0.40219.1
Project("{FAE04EC0-301F-11D3-BF4B-00C04F79EFBC}") = "calculator", "calculator\calculator.csproj", "{D062D018-D7F8-4540-825D-69E0AF1C101E}"
EndProject
Global
	GlobalSection(SolutionConfigurationPlatforms) = preSolution
		Debug|Any CPU = Debug|Any CPU
		Release|Any CPU = Release|Any CPU
	EndGlobalSection
	GlobalSection(ProjectConfigurationPlatforms) = postSolution
		{D062D018-D7F8-4540-825D-69E0AF1C101E}.Debug|Any CPU.ActiveCfg = Debug|Any CPU
		{D062D018-D7F8-4540-825D-69E0AF1C101E}.Debug|Any CPU.Build.0 = Debug|Any CPU
		{D062D018-D7F8-4540-825D-69E0AF1C101E}.Release|Any CPU.ActiveCfg = Release|Any CPU
		{D062D018-D7F8-4540-825D-69E0AF1C101E}.Release|Any CPU.Build.0 = Release|Any CPU
	EndGlobalSection
	GlobalSection(SolutionProperties) = preSolution
		HideSolutionNode = FALSE
	EndGlobalSection
	GlobalSection(ExtensibilityGlobals) = postSolution
		SolutionGuid = {97347AC3-7673-421B-A13A-7565D0BE4D4B}
	EndGlobalSection
EndGlobal
